<Solution>
  <Folder Name="/modules/" />
  <Folder Name="/modules/ordering/">
    <Project Path="Ordering.Api/Ordering.Api.csproj" />
    <Project Path="Ordering.Contracts/Ordering.Contracts.csproj" />
  </Folder>
  <Folder Name="/modules/stock/">
    <Project Path="Stock.Api/Stock.Api.csproj" />
  </Folder>
  <Project Path="docker-compose.dcproj">
    <Build />
  </Project>
</Solution>
