<Solution>
  <Folder Name="/docs/" />
  <Folder Name="/docs/adrs/">
    <File Path="../../../Users/bodat/Downloads/adr-0002-saga-strategy.md" />
  </Folder>
  <Folder Name="/modules/" />
  <Folder Name="/modules/inventory/">
    <Project Path="modules/inventory/Inventory.Api/Inventory.Api.csproj" />
    <Project Path="modules/inventory/Inventory.Contracts/Inventory.Contracts.csproj" />
    <Project Path="modules/inventory/Inventory.IntegrationTests/Inventory.IntegrationTests.csproj" Id="73492f02-1ea7-4922-bb73-f9d641da9e41" />
  </Folder>
  <Folder Name="/modules/ordering/">
    <Project Path="modules/ordering/Ordering.Api/Ordering.Api.csproj" />
    <Project Path="modules/ordering/Ordering.Contracts/Ordering.Contracts.csproj" />
    <Project Path="modules/ordering/Ordering.IntegrationTests/Ordering.IntegrationTests.csproj" Id="d6505899-b66e-447a-ae5d-f4b166de0af0" />
  </Folder>
  <Folder Name="/modules/payments/">
    <Project Path="modules/payments/Payments.Api/Payments.Api.csproj" />
    <Project Path="modules/payments/Payments.Contracts/Payments.Contracts.csproj" />
    <Project Path="modules/payments/Payments.IntegrationTests/Payments.IntegrationTests.csproj" Id="d452e4ea-1ffb-44f2-b598-4d5e03f9a5d7" />
  </Folder>
  <Project Path="docker-compose.dcproj">
    <Build />
  </Project>
</Solution>
